
Microsoft Visual Studio Solution File, Format Version 12.00
# Visual Studio Version 16
VisualStudioVersion = 16.0.30907.101
MinimumVisualStudioVersion = 10.0.40219.1
Project("{8BC9CEB8-8B4A-11D0-8D11-00A0C91BC942}") = "ch01_assignment01", "Basic_Design\Basic_Design.vcxproj", "{1EFBDAB3-987D-4EE3-BF55-B0D70743B477}"
EndProject
Project("{8BC9CEB8-8B4A-11D0-8D11-00A0C91BC942}") = "ch01_fahr", "ch01_fahr\ch01_fahr.vcxproj", "{74592F6D-4DF0-4EB9-AD31-78FB85A75631}"
EndProject
Project("{8BC9CEB8-8B4A-11D0-8D11-00A0C91BC942}") = "ch01_Calculator", "ch01_Calculator\ch01_Calculator.vcxproj", "{E79B2D1E-4FD4-488D-97E3-A447BF3493FE}"
EndProject
Project("{8BC9CEB8-8B4A-11D0-8D11-00A0C91BC942}") = "ch01_strlen", "ch01_strlen\ch01_strlen.vcxproj", "{D244CE11-339D-4C82-976C-9CE65992E36D}"
EndProject
Project("{8BC9CEB8-8B4A-11D0-8D11-00A0C91BC942}") = "ch01_analyzeSentence", "ch01_analyzeSentence\ch01_analyzeSentence.vcxproj", "{CCAD7041-E82D-4988-8A60-B52A45F247DF}"
EndProject
Project("{8BC9CEB8-8B4A-11D0-8D11-00A0C91BC942}") = "ch01_ex01_sizeof", "ch01_ex01\ch01_ex01.vcxproj", "{0A537073-D915-484C-B81D-46055FD0890D}"
EndProject
Project("{8BC9CEB8-8B4A-11D0-8D11-00A0C91BC942}") = "ch01_ex04_incdec", "ch01_ex04\ch01_ex04.vcxproj", "{B2075584-BDCD-4E6C-83D7-9E89B7B5405A}"
EndProject
Project("{8BC9CEB8-8B4A-11D0-8D11-00A0C91BC942}") = "ch01_ex06_rand", "ch01_ex06\ch01_ex06.vcxproj", "{8240EBC6-6B0A-4461-B601-C8CD7E878A49}"
EndProject
Project("{8BC9CEB8-8B4A-11D0-8D11-00A0C91BC942}") = "ch01_ex08_guess", "ch01_ex08\ch01_ex08.vcxproj", "{2F488412-22FA-465B-BE48-0F7AF1DF16C0}"
EndProject
Project("{8BC9CEB8-8B4A-11D0-8D11-00A0C91BC942}") = "ch02_assignment01", "ch02_assignment02\ch02_assignment02.vcxproj", "{7D9FC952-59E0-4E44-BE92-82D0768BD9CA}"
EndProject
Project("{8BC9CEB8-8B4A-11D0-8D11-00A0C91BC942}") = "ch02_assignment_02", "ch02_assignment_02\ch02_assignment_02.vcxproj", "{F7A34276-D6BD-411C-A0F5-C6FF0E40111D}"
EndProject
Project("{8BC9CEB8-8B4A-11D0-8D11-00A0C91BC942}") = "ch02_assignment02_1", "ch02_assignment02_1\ch02_assignment02_1.vcxproj", "{86A4807F-756E-42BD-A4AD-E37F165EFA86}"
EndProject
Project("{8BC9CEB8-8B4A-11D0-8D11-00A0C91BC942}") = "ch02_ex01", "ch02_ex01\ch02_ex01.vcxproj", "{A2F7E04A-4A87-4F2A-92B2-C0969F24818C}"
EndProject
Project("{8BC9CEB8-8B4A-11D0-8D11-00A0C91BC942}") = "ch02_ex02", "ch02_ex02\ch02_ex02.vcxproj", "{CC168F62-B798-4241-94DD-84199FDBAB57}"
EndProject
Project("{8BC9CEB8-8B4A-11D0-8D11-00A0C91BC942}") = "ch02_ex03", "ch02_ex03\ch02_ex03.vcxproj", "{C455684E-6599-4695-A8C7-5265CDCEF230}"
EndProject
Project("{8BC9CEB8-8B4A-11D0-8D11-00A0C91BC942}") = "ch02_ex04", "ch02_ex04\ch02_ex04.vcxproj", "{76F12E6B-7534-4B08-82FF-EFAC7B1BA2B9}"
EndProject
Project("{8BC9CEB8-8B4A-11D0-8D11-00A0C91BC942}") = "ch02_ex05", "ch02_ex05\ch02_ex05.vcxproj", "{49F0FBA6-B2BF-4384-8A39-1C1000BC9485}"
EndProject
Project("{8BC9CEB8-8B4A-11D0-8D11-00A0C91BC942}") = "ch03_assignment01", "ch03_assignment01\ch03_assignment01.vcxproj", "{C45CF5D7-FF45-4E1F-9B45-D133EE9DD23E}"
EndProject
Project("{8BC9CEB8-8B4A-11D0-8D11-00A0C91BC942}") = "ch03_assignment02", "ch03_assignment02\ch03_assignment02.vcxproj", "{BC215E77-988F-4583-9BA7-9966F4CC831F}"
EndProject
Project("{8BC9CEB8-8B4A-11D0-8D11-00A0C91BC942}") = "ch03_ex01", "ch03_ex01\ch03_ex01.vcxproj", "{A1668FF1-8C7C-4827-93AD-253B7B1F3060}"
EndProject
Project("{8BC9CEB8-8B4A-11D0-8D11-00A0C91BC942}") = "ch03_ex02", "ch03_ex02\ch03_ex02.vcxproj", "{7AC5EAEF-A778-4C28-A5BB-1416C3CEB91F}"
EndProject
Project("{8BC9CEB8-8B4A-11D0-8D11-00A0C91BC942}") = "ch03_ex03", "ch03_ex03\ch03_ex03.vcxproj", "{0B7328E3-A85F-4980-8582-4A00409713DE}"
EndProject
Project("{8BC9CEB8-8B4A-11D0-8D11-00A0C91BC942}") = "ch03_ex04", "ch03_ex04\ch03_ex04.vcxproj", "{549C462B-07B2-4641-87EC-0559593732BB}"
EndProject
Project("{8BC9CEB8-8B4A-11D0-8D11-00A0C91BC942}") = "ch03_ex05", "ch03_ex05\ch03_ex05.vcxproj", "{0B7F1044-C656-46F9-8F04-ABAF1C0E3221}"
EndProject
Project("{8BC9CEB8-8B4A-11D0-8D11-00A0C91BC942}") = "ch03_ex06", "ch03_ex06\ch03_ex06.vcxproj", "{8D5ADCE9-237F-4865-85A1-E477AFCF22FA}"
EndProject
Project("{8BC9CEB8-8B4A-11D0-8D11-00A0C91BC942}") = "ch03_ex07", "ch03_ex07\ch03_ex07.vcxproj", "{EACFA4FF-F892-4FE0-8BA2-339290F5C222}"
EndProject
Project("{8BC9CEB8-8B4A-11D0-8D11-00A0C91BC942}") = "ch03_ex08", "ch03_ex08\ch03_ex08.vcxproj", "{81E70D52-F218-4B23-9245-82FB57823AFD}"
EndProject
Project("{8BC9CEB8-8B4A-11D0-8D11-00A0C91BC942}") = "ch04_ex01", "ch04_ex01\ch04_ex01.vcxproj", "{4BF1F9F9-DBCC-4B21-8A4D-2200816C23C5}"
EndProject
Project("{8BC9CEB8-8B4A-11D0-8D11-00A0C91BC942}") = "ch04_ex02", "ch04_ex02\ch04_ex02.vcxproj", "{1EE2BE14-8385-4CB9-A0A2-D02FC4579E51}"
EndProject
Project("{8BC9CEB8-8B4A-11D0-8D11-00A0C91BC942}") = "ch04_ex03", "ch04_ex03\ch04_ex03.vcxproj", "{2558E56E-6872-4A21-A9E7-D7692436D737}"
EndProject
Project("{8BC9CEB8-8B4A-11D0-8D11-00A0C91BC942}") = "ch04_ex04", "ch04_ex04\ch04_ex04.vcxproj", "{8867CED7-AB28-48BA-B963-BE7EF59BDFB0}"
EndProject
Project("{8BC9CEB8-8B4A-11D0-8D11-00A0C91BC942}") = "ch04_ex05", "ch04_ex05\ch04_ex05.vcxproj", "{099CE2B0-E784-4A67-AD42-FDABF4161F09}"
EndProject
Project("{8BC9CEB8-8B4A-11D0-8D11-00A0C91BC942}") = "ch04_assignment", "ch04_assignment\ch04_assignment.vcxproj", "{5F19E4E5-BB99-407F-8347-408380245ACF}"
EndProject
Project("{8BC9CEB8-8B4A-11D0-8D11-00A0C91BC942}") = "ch05_ex01", "ch05_ex01\ch05_ex01.vcxproj", "{4F7089A1-9327-40EE-9F60-E0068A7F7874}"
EndProject
Project("{8BC9CEB8-8B4A-11D0-8D11-00A0C91BC942}") = "ch06_mid1", "ch06_mid1\ch06_mid1.vcxproj", "{7B65AE93-9FE1-4AD1-BD6F-C3EAF5360BEF}"
EndProject
Project("{8BC9CEB8-8B4A-11D0-8D11-00A0C91BC942}") = "ch06_mid2", "ch06_mid2\ch06_mid2.vcxproj", "{B6832F26-627E-4730-9005-87CB394B32E1}"
EndProject
Project("{8BC9CEB8-8B4A-11D0-8D11-00A0C91BC942}") = "ch06_mid3", "ch06_mid3\ch06_mid3.vcxproj", "{50DB2855-B224-4F18-93C5-F2874DCB4EE0}"
EndProject
Project("{8BC9CEB8-8B4A-11D0-8D11-00A0C91BC942}") = "ch06_mid4", "ch06_mid4\ch06_mid4.vcxproj", "{0650BBBF-527A-4C95-8BE2-58A9FCF8C206}"
EndProject
Project("{8BC9CEB8-8B4A-11D0-8D11-00A0C91BC942}") = "SVM_Project", "SVM_Project\SVM_Project.vcxproj", "{5FE725FD-88A3-41DB-99FE-29C2AE020134}"
EndProject
Project("{8BC9CEB8-8B4A-11D0-8D11-00A0C91BC942}") = "SVM_Project_pred", "SVM_Project_pred\SVM_Project_pred.vcxproj", "{3D4C75E8-FCD9-4CEF-866F-4476F74B7375}"
EndProject
Project("{8BC9CEB8-8B4A-11D0-8D11-00A0C91BC942}") = "SVM_Project_assign", "SVM_Project_assign\SVM_Project_assign.vcxproj", "{69A29092-C590-477F-912F-BB891BCC5256}"
EndProject
Global
	GlobalSection(SolutionConfigurationPlatforms) = preSolution
		Debug|x64 = Debug|x64
		Debug|x86 = Debug|x86
		Release|x64 = Release|x64
		Release|x86 = Release|x86
	EndGlobalSection
	GlobalSection(ProjectConfigurationPlatforms) = postSolution
		{1EFBDAB3-987D-4EE3-BF55-B0D70743B477}.Debug|x64.ActiveCfg = Debug|x64
		{1EFBDAB3-987D-4EE3-BF55-B0D70743B477}.Debug|x64.Build.0 = Debug|x64
		{1EFBDAB3-987D-4EE3-BF55-B0D70743B477}.Debug|x86.ActiveCfg = Debug|Win32
		{1EFBDAB3-987D-4EE3-BF55-B0D70743B477}.Debug|x86.Build.0 = Debug|Win32
		{1EFBDAB3-987D-4EE3-BF55-B0D70743B477}.Release|x64.ActiveCfg = Release|x64
		{1EFBDAB3-987D-4EE3-BF55-B0D70743B477}.Release|x64.Build.0 = Release|x64
		{1EFBDAB3-987D-4EE3-BF55-B0D70743B477}.Release|x86.ActiveCfg = Release|Win32
		{1EFBDAB3-987D-4EE3-BF55-B0D70743B477}.Release|x86.Build.0 = Release|Win32
		{74592F6D-4DF0-4EB9-AD31-78FB85A75631}.Debug|x64.ActiveCfg = Debug|x64
		{74592F6D-4DF0-4EB9-AD31-78FB85A75631}.Debug|x64.Build.0 = Debug|x64
		{74592F6D-4DF0-4EB9-AD31-78FB85A75631}.Debug|x86.ActiveCfg = Debug|Win32
		{74592F6D-4DF0-4EB9-AD31-78FB85A75631}.Debug|x86.Build.0 = Debug|Win32
		{74592F6D-4DF0-4EB9-AD31-78FB85A75631}.Release|x64.ActiveCfg = Release|x64
		{74592F6D-4DF0-4EB9-AD31-78FB85A75631}.Release|x64.Build.0 = Release|x64
		{74592F6D-4DF0-4EB9-AD31-78FB85A75631}.Release|x86.ActiveCfg = Release|Win32
		{74592F6D-4DF0-4EB9-AD31-78FB85A75631}.Release|x86.Build.0 = Release|Win32
		{E79B2D1E-4FD4-488D-97E3-A447BF3493FE}.Debug|x64.ActiveCfg = Debug|x64
		{E79B2D1E-4FD4-488D-97E3-A447BF3493FE}.Debug|x64.Build.0 = Debug|x64
		{E79B2D1E-4FD4-488D-97E3-A447BF3493FE}.Debug|x86.ActiveCfg = Debug|Win32
		{E79B2D1E-4FD4-488D-97E3-A447BF3493FE}.Debug|x86.Build.0 = Debug|Win32
		{E79B2D1E-4FD4-488D-97E3-A447BF3493FE}.Release|x64.ActiveCfg = Release|x64
		{E79B2D1E-4FD4-488D-97E3-A447BF3493FE}.Release|x64.Build.0 = Release|x64
		{E79B2D1E-4FD4-488D-97E3-A447BF3493FE}.Release|x86.ActiveCfg = Release|Win32
		{E79B2D1E-4FD4-488D-97E3-A447BF3493FE}.Release|x86.Build.0 = Release|Win32
		{D244CE11-339D-4C82-976C-9CE65992E36D}.Debug|x64.ActiveCfg = Debug|x64
		{D244CE11-339D-4C82-976C-9CE65992E36D}.Debug|x64.Build.0 = Debug|x64
		{D244CE11-339D-4C82-976C-9CE65992E36D}.Debug|x86.ActiveCfg = Debug|Win32
		{D244CE11-339D-4C82-976C-9CE65992E36D}.Debug|x86.Build.0 = Debug|Win32
		{D244CE11-339D-4C82-976C-9CE65992E36D}.Release|x64.ActiveCfg = Release|x64
		{D244CE11-339D-4C82-976C-9CE65992E36D}.Release|x64.Build.0 = Release|x64
		{D244CE11-339D-4C82-976C-9CE65992E36D}.Release|x86.ActiveCfg = Release|Win32
		{D244CE11-339D-4C82-976C-9CE65992E36D}.Release|x86.Build.0 = Release|Win32
		{CCAD7041-E82D-4988-8A60-B52A45F247DF}.Debug|x64.ActiveCfg = Debug|x64
		{CCAD7041-E82D-4988-8A60-B52A45F247DF}.Debug|x64.Build.0 = Debug|x64
		{CCAD7041-E82D-4988-8A60-B52A45F247DF}.Debug|x86.ActiveCfg = Debug|Win32
		{CCAD7041-E82D-4988-8A60-B52A45F247DF}.Debug|x86.Build.0 = Debug|Win32
		{CCAD7041-E82D-4988-8A60-B52A45F247DF}.Release|x64.ActiveCfg = Release|x64
		{CCAD7041-E82D-4988-8A60-B52A45F247DF}.Release|x64.Build.0 = Release|x64
		{CCAD7041-E82D-4988-8A60-B52A45F247DF}.Release|x86.ActiveCfg = Release|Win32
		{CCAD7041-E82D-4988-8A60-B52A45F247DF}.Release|x86.Build.0 = Release|Win32
		{0A537073-D915-484C-B81D-46055FD0890D}.Debug|x64.ActiveCfg = Debug|x64
		{0A537073-D915-484C-B81D-46055FD0890D}.Debug|x64.Build.0 = Debug|x64
		{0A537073-D915-484C-B81D-46055FD0890D}.Debug|x86.ActiveCfg = Debug|Win32
		{0A537073-D915-484C-B81D-46055FD0890D}.Debug|x86.Build.0 = Debug|Win32
		{0A537073-D915-484C-B81D-46055FD0890D}.Release|x64.ActiveCfg = Release|x64
		{0A537073-D915-484C-B81D-46055FD0890D}.Release|x64.Build.0 = Release|x64
		{0A537073-D915-484C-B81D-46055FD0890D}.Release|x86.ActiveCfg = Release|Win32
		{0A537073-D915-484C-B81D-46055FD0890D}.Release|x86.Build.0 = Release|Win32
		{B2075584-BDCD-4E6C-83D7-9E89B7B5405A}.Debug|x64.ActiveCfg = Debug|x64
		{B2075584-BDCD-4E6C-83D7-9E89B7B5405A}.Debug|x64.Build.0 = Debug|x64
		{B2075584-BDCD-4E6C-83D7-9E89B7B5405A}.Debug|x86.ActiveCfg = Debug|Win32
		{B2075584-BDCD-4E6C-83D7-9E89B7B5405A}.Debug|x86.Build.0 = Debug|Win32
		{B2075584-BDCD-4E6C-83D7-9E89B7B5405A}.Release|x64.ActiveCfg = Release|x64
		{B2075584-BDCD-4E6C-83D7-9E89B7B5405A}.Release|x64.Build.0 = Release|x64
		{B2075584-BDCD-4E6C-83D7-9E89B7B5405A}.Release|x86.ActiveCfg = Release|Win32
		{B2075584-BDCD-4E6C-83D7-9E89B7B5405A}.Release|x86.Build.0 = Release|Win32
		{8240EBC6-6B0A-4461-B601-C8CD7E878A49}.Debug|x64.ActiveCfg = Debug|x64
		{8240EBC6-6B0A-4461-B601-C8CD7E878A49}.Debug|x64.Build.0 = Debug|x64
		{8240EBC6-6B0A-4461-B601-C8CD7E878A49}.Debug|x86.ActiveCfg = Debug|Win32
		{8240EBC6-6B0A-4461-B601-C8CD7E878A49}.Debug|x86.Build.0 = Debug|Win32
		{8240EBC6-6B0A-4461-B601-C8CD7E878A49}.Release|x64.ActiveCfg = Release|x64
		{8240EBC6-6B0A-4461-B601-C8CD7E878A49}.Release|x64.Build.0 = Release|x64
		{8240EBC6-6B0A-4461-B601-C8CD7E878A49}.Release|x86.ActiveCfg = Release|Win32
		{8240EBC6-6B0A-4461-B601-C8CD7E878A49}.Release|x86.Build.0 = Release|Win32
		{2F488412-22FA-465B-BE48-0F7AF1DF16C0}.Debug|x64.ActiveCfg = Debug|x64
		{2F488412-22FA-465B-BE48-0F7AF1DF16C0}.Debug|x64.Build.0 = Debug|x64
		{2F488412-22FA-465B-BE48-0F7AF1DF16C0}.Debug|x86.ActiveCfg = Debug|Win32
		{2F488412-22FA-465B-BE48-0F7AF1DF16C0}.Debug|x86.Build.0 = Debug|Win32
		{2F488412-22FA-465B-BE48-0F7AF1DF16C0}.Release|x64.ActiveCfg = Release|x64
		{2F488412-22FA-465B-BE48-0F7AF1DF16C0}.Release|x64.Build.0 = Release|x64
		{2F488412-22FA-465B-BE48-0F7AF1DF16C0}.Release|x86.ActiveCfg = Release|Win32
		{2F488412-22FA-465B-BE48-0F7AF1DF16C0}.Release|x86.Build.0 = Release|Win32
		{7D9FC952-59E0-4E44-BE92-82D0768BD9CA}.Debug|x64.ActiveCfg = Debug|x64
		{7D9FC952-59E0-4E44-BE92-82D0768BD9CA}.Debug|x64.Build.0 = Debug|x64
		{7D9FC952-59E0-4E44-BE92-82D0768BD9CA}.Debug|x86.ActiveCfg = Debug|Win32
		{7D9FC952-59E0-4E44-BE92-82D0768BD9CA}.Debug|x86.Build.0 = Debug|Win32
		{7D9FC952-59E0-4E44-BE92-82D0768BD9CA}.Release|x64.ActiveCfg = Release|x64
		{7D9FC952-59E0-4E44-BE92-82D0768BD9CA}.Release|x64.Build.0 = Release|x64
		{7D9FC952-59E0-4E44-BE92-82D0768BD9CA}.Release|x86.ActiveCfg = Release|Win32
		{7D9FC952-59E0-4E44-BE92-82D0768BD9CA}.Release|x86.Build.0 = Release|Win32
		{F7A34276-D6BD-411C-A0F5-C6FF0E40111D}.Debug|x64.ActiveCfg = Debug|x64
		{F7A34276-D6BD-411C-A0F5-C6FF0E40111D}.Debug|x64.Build.0 = Debug|x64
		{F7A34276-D6BD-411C-A0F5-C6FF0E40111D}.Debug|x86.ActiveCfg = Debug|Win32
		{F7A34276-D6BD-411C-A0F5-C6FF0E40111D}.Debug|x86.Build.0 = Debug|Win32
		{F7A34276-D6BD-411C-A0F5-C6FF0E40111D}.Release|x64.ActiveCfg = Release|x64
		{F7A34276-D6BD-411C-A0F5-C6FF0E40111D}.Release|x64.Build.0 = Release|x64
		{F7A34276-D6BD-411C-A0F5-C6FF0E40111D}.Release|x86.ActiveCfg = Release|Win32
		{F7A34276-D6BD-411C-A0F5-C6FF0E40111D}.Release|x86.Build.0 = Release|Win32
		{86A4807F-756E-42BD-A4AD-E37F165EFA86}.Debug|x64.ActiveCfg = Debug|x64
		{86A4807F-756E-42BD-A4AD-E37F165EFA86}.Debug|x64.Build.0 = Debug|x64
		{86A4807F-756E-42BD-A4AD-E37F165EFA86}.Debug|x86.ActiveCfg = Debug|Win32
		{86A4807F-756E-42BD-A4AD-E37F165EFA86}.Debug|x86.Build.0 = Debug|Win32
		{86A4807F-756E-42BD-A4AD-E37F165EFA86}.Release|x64.ActiveCfg = Release|x64
		{86A4807F-756E-42BD-A4AD-E37F165EFA86}.Release|x64.Build.0 = Release|x64
		{86A4807F-756E-42BD-A4AD-E37F165EFA86}.Release|x86.ActiveCfg = Release|Win32
		{86A4807F-756E-42BD-A4AD-E37F165EFA86}.Release|x86.Build.0 = Release|Win32
		{A2F7E04A-4A87-4F2A-92B2-C0969F24818C}.Debug|x64.ActiveCfg = Debug|x64
		{A2F7E04A-4A87-4F2A-92B2-C0969F24818C}.Debug|x64.Build.0 = Debug|x64
		{A2F7E04A-4A87-4F2A-92B2-C0969F24818C}.Debug|x86.ActiveCfg = Debug|Win32
		{A2F7E04A-4A87-4F2A-92B2-C0969F24818C}.Debug|x86.Build.0 = Debug|Win32
		{A2F7E04A-4A87-4F2A-92B2-C0969F24818C}.Release|x64.ActiveCfg = Release|x64
		{A2F7E04A-4A87-4F2A-92B2-C0969F24818C}.Release|x64.Build.0 = Release|x64
		{A2F7E04A-4A87-4F2A-92B2-C0969F24818C}.Release|x86.ActiveCfg = Release|Win32
		{A2F7E04A-4A87-4F2A-92B2-C0969F24818C}.Release|x86.Build.0 = Release|Win32
		{CC168F62-B798-4241-94DD-84199FDBAB57}.Debug|x64.ActiveCfg = Debug|x64
		{CC168F62-B798-4241-94DD-84199FDBAB57}.Debug|x64.Build.0 = Debug|x64
		{CC168F62-B798-4241-94DD-84199FDBAB57}.Debug|x86.ActiveCfg = Debug|Win32
		{CC168F62-B798-4241-94DD-84199FDBAB57}.Debug|x86.Build.0 = Debug|Win32
		{CC168F62-B798-4241-94DD-84199FDBAB57}.Release|x64.ActiveCfg = Release|x64
		{CC168F62-B798-4241-94DD-84199FDBAB57}.Release|x64.Build.0 = Release|x64
		{CC168F62-B798-4241-94DD-84199FDBAB57}.Release|x86.ActiveCfg = Release|Win32
		{CC168F62-B798-4241-94DD-84199FDBAB57}.Release|x86.Build.0 = Release|Win32
		{C455684E-6599-4695-A8C7-5265CDCEF230}.Debug|x64.ActiveCfg = Debug|x64
		{C455684E-6599-4695-A8C7-5265CDCEF230}.Debug|x64.Build.0 = Debug|x64
		{C455684E-6599-4695-A8C7-5265CDCEF230}.Debug|x86.ActiveCfg = Debug|Win32
		{C455684E-6599-4695-A8C7-5265CDCEF230}.Debug|x86.Build.0 = Debug|Win32
		{C455684E-6599-4695-A8C7-5265CDCEF230}.Release|x64.ActiveCfg = Release|x64
		{C455684E-6599-4695-A8C7-5265CDCEF230}.Release|x64.Build.0 = Release|x64
		{C455684E-6599-4695-A8C7-5265CDCEF230}.Release|x86.ActiveCfg = Release|Win32
		{C455684E-6599-4695-A8C7-5265CDCEF230}.Release|x86.Build.0 = Release|Win32
		{76F12E6B-7534-4B08-82FF-EFAC7B1BA2B9}.Debug|x64.ActiveCfg = Debug|x64
		{76F12E6B-7534-4B08-82FF-EFAC7B1BA2B9}.Debug|x64.Build.0 = Debug|x64
		{76F12E6B-7534-4B08-82FF-EFAC7B1BA2B9}.Debug|x86.ActiveCfg = Debug|Win32
		{76F12E6B-7534-4B08-82FF-EFAC7B1BA2B9}.Debug|x86.Build.0 = Debug|Win32
		{76F12E6B-7534-4B08-82FF-EFAC7B1BA2B9}.Release|x64.ActiveCfg = Release|x64
		{76F12E6B-7534-4B08-82FF-EFAC7B1BA2B9}.Release|x64.Build.0 = Release|x64
		{76F12E6B-7534-4B08-82FF-EFAC7B1BA2B9}.Release|x86.ActiveCfg = Release|Win32
		{76F12E6B-7534-4B08-82FF-EFAC7B1BA2B9}.Release|x86.Build.0 = Release|Win32
		{49F0FBA6-B2BF-4384-8A39-1C1000BC9485}.Debug|x64.ActiveCfg = Debug|x64
		{49F0FBA6-B2BF-4384-8A39-1C1000BC9485}.Debug|x64.Build.0 = Debug|x64
		{49F0FBA6-B2BF-4384-8A39-1C1000BC9485}.Debug|x86.ActiveCfg = Debug|Win32
		{49F0FBA6-B2BF-4384-8A39-1C1000BC9485}.Debug|x86.Build.0 = Debug|Win32
		{49F0FBA6-B2BF-4384-8A39-1C1000BC9485}.Release|x64.ActiveCfg = Release|x64
		{49F0FBA6-B2BF-4384-8A39-1C1000BC9485}.Release|x64.Build.0 = Release|x64
		{49F0FBA6-B2BF-4384-8A39-1C1000BC9485}.Release|x86.ActiveCfg = Release|Win32
		{49F0FBA6-B2BF-4384-8A39-1C1000BC9485}.Release|x86.Build.0 = Release|Win32
		{C45CF5D7-FF45-4E1F-9B45-D133EE9DD23E}.Debug|x64.ActiveCfg = Debug|x64
		{C45CF5D7-FF45-4E1F-9B45-D133EE9DD23E}.Debug|x64.Build.0 = Debug|x64
		{C45CF5D7-FF45-4E1F-9B45-D133EE9DD23E}.Debug|x86.ActiveCfg = Debug|Win32
		{C45CF5D7-FF45-4E1F-9B45-D133EE9DD23E}.Debug|x86.Build.0 = Debug|Win32
		{C45CF5D7-FF45-4E1F-9B45-D133EE9DD23E}.Release|x64.ActiveCfg = Release|x64
		{C45CF5D7-FF45-4E1F-9B45-D133EE9DD23E}.Release|x64.Build.0 = Release|x64
		{C45CF5D7-FF45-4E1F-9B45-D133EE9DD23E}.Release|x86.ActiveCfg = Release|Win32
		{C45CF5D7-FF45-4E1F-9B45-D133EE9DD23E}.Release|x86.Build.0 = Release|Win32
		{BC215E77-988F-4583-9BA7-9966F4CC831F}.Debug|x64.ActiveCfg = Debug|x64
		{BC215E77-988F-4583-9BA7-9966F4CC831F}.Debug|x64.Build.0 = Debug|x64
		{BC215E77-988F-4583-9BA7-9966F4CC831F}.Debug|x86.ActiveCfg = Debug|Win32
		{BC215E77-988F-4583-9BA7-9966F4CC831F}.Debug|x86.Build.0 = Debug|Win32
		{BC215E77-988F-4583-9BA7-9966F4CC831F}.Release|x64.ActiveCfg = Release|x64
		{BC215E77-988F-4583-9BA7-9966F4CC831F}.Release|x64.Build.0 = Release|x64
		{BC215E77-988F-4583-9BA7-9966F4CC831F}.Release|x86.ActiveCfg = Release|Win32
		{BC215E77-988F-4583-9BA7-9966F4CC831F}.Release|x86.Build.0 = Release|Win32
		{A1668FF1-8C7C-4827-93AD-253B7B1F3060}.Debug|x64.ActiveCfg = Debug|x64
		{A1668FF1-8C7C-4827-93AD-253B7B1F3060}.Debug|x64.Build.0 = Debug|x64
		{A1668FF1-8C7C-4827-93AD-253B7B1F3060}.Debug|x86.ActiveCfg = Debug|Win32
		{A1668FF1-8C7C-4827-93AD-253B7B1F3060}.Debug|x86.Build.0 = Debug|Win32
		{A1668FF1-8C7C-4827-93AD-253B7B1F3060}.Release|x64.ActiveCfg = Release|x64
		{A1668FF1-8C7C-4827-93AD-253B7B1F3060}.Release|x64.Build.0 = Release|x64
		{A1668FF1-8C7C-4827-93AD-253B7B1F3060}.Release|x86.ActiveCfg = Release|Win32
		{A1668FF1-8C7C-4827-93AD-253B7B1F3060}.Release|x86.Build.0 = Release|Win32
		{7AC5EAEF-A778-4C28-A5BB-1416C3CEB91F}.Debug|x64.ActiveCfg = Debug|x64
		{7AC5EAEF-A778-4C28-A5BB-1416C3CEB91F}.Debug|x64.Build.0 = Debug|x64
		{7AC5EAEF-A778-4C28-A5BB-1416C3CEB91F}.Debug|x86.ActiveCfg = Debug|Win32
		{7AC5EAEF-A778-4C28-A5BB-1416C3CEB91F}.Debug|x86.Build.0 = Debug|Win32
		{7AC5EAEF-A778-4C28-A5BB-1416C3CEB91F}.Release|x64.ActiveCfg = Release|x64
		{7AC5EAEF-A778-4C28-A5BB-1416C3CEB91F}.Release|x64.Build.0 = Release|x64
		{7AC5EAEF-A778-4C28-A5BB-1416C3CEB91F}.Release|x86.ActiveCfg = Release|Win32
		{7AC5EAEF-A778-4C28-A5BB-1416C3CEB91F}.Release|x86.Build.0 = Release|Win32
		{0B7328E3-A85F-4980-8582-4A00409713DE}.Debug|x64.ActiveCfg = Debug|x64
		{0B7328E3-A85F-4980-8582-4A00409713DE}.Debug|x64.Build.0 = Debug|x64
		{0B7328E3-A85F-4980-8582-4A00409713DE}.Debug|x86.ActiveCfg = Debug|Win32
		{0B7328E3-A85F-4980-8582-4A00409713DE}.Debug|x86.Build.0 = Debug|Win32
		{0B7328E3-A85F-4980-8582-4A00409713DE}.Release|x64.ActiveCfg = Release|x64
		{0B7328E3-A85F-4980-8582-4A00409713DE}.Release|x64.Build.0 = Release|x64
		{0B7328E3-A85F-4980-8582-4A00409713DE}.Release|x86.ActiveCfg = Release|Win32
		{0B7328E3-A85F-4980-8582-4A00409713DE}.Release|x86.Build.0 = Release|Win32
		{549C462B-07B2-4641-87EC-0559593732BB}.Debug|x64.ActiveCfg = Debug|x64
		{549C462B-07B2-4641-87EC-0559593732BB}.Debug|x64.Build.0 = Debug|x64
		{549C462B-07B2-4641-87EC-0559593732BB}.Debug|x86.ActiveCfg = Debug|Win32
		{549C462B-07B2-4641-87EC-0559593732BB}.Debug|x86.Build.0 = Debug|Win32
		{549C462B-07B2-4641-87EC-0559593732BB}.Release|x64.ActiveCfg = Release|x64
		{549C462B-07B2-4641-87EC-0559593732BB}.Release|x64.Build.0 = Release|x64
		{549C462B-07B2-4641-87EC-0559593732BB}.Release|x86.ActiveCfg = Release|Win32
		{549C462B-07B2-4641-87EC-0559593732BB}.Release|x86.Build.0 = Release|Win32
		{0B7F1044-C656-46F9-8F04-ABAF1C0E3221}.Debug|x64.ActiveCfg = Debug|x64
		{0B7F1044-C656-46F9-8F04-ABAF1C0E3221}.Debug|x64.Build.0 = Debug|x64
		{0B7F1044-C656-46F9-8F04-ABAF1C0E3221}.Debug|x86.ActiveCfg = Debug|Win32
		{0B7F1044-C656-46F9-8F04-ABAF1C0E3221}.Debug|x86.Build.0 = Debug|Win32
		{0B7F1044-C656-46F9-8F04-ABAF1C0E3221}.Release|x64.ActiveCfg = Release|x64
		{0B7F1044-C656-46F9-8F04-ABAF1C0E3221}.Release|x64.Build.0 = Release|x64
		{0B7F1044-C656-46F9-8F04-ABAF1C0E3221}.Release|x86.ActiveCfg = Release|Win32
		{0B7F1044-C656-46F9-8F04-ABAF1C0E3221}.Release|x86.Build.0 = Release|Win32
		{8D5ADCE9-237F-4865-85A1-E477AFCF22FA}.Debug|x64.ActiveCfg = Debug|x64
		{8D5ADCE9-237F-4865-85A1-E477AFCF22FA}.Debug|x64.Build.0 = Debug|x64
		{8D5ADCE9-237F-4865-85A1-E477AFCF22FA}.Debug|x86.ActiveCfg = Debug|Win32
		{8D5ADCE9-237F-4865-85A1-E477AFCF22FA}.Debug|x86.Build.0 = Debug|Win32
		{8D5ADCE9-237F-4865-85A1-E477AFCF22FA}.Release|x64.ActiveCfg = Release|x64
		{8D5ADCE9-237F-4865-85A1-E477AFCF22FA}.Release|x64.Build.0 = Release|x64
		{8D5ADCE9-237F-4865-85A1-E477AFCF22FA}.Release|x86.ActiveCfg = Release|Win32
		{8D5ADCE9-237F-4865-85A1-E477AFCF22FA}.Release|x86.Build.0 = Release|Win32
		{EACFA4FF-F892-4FE0-8BA2-339290F5C222}.Debug|x64.ActiveCfg = Debug|x64
		{EACFA4FF-F892-4FE0-8BA2-339290F5C222}.Debug|x64.Build.0 = Debug|x64
		{EACFA4FF-F892-4FE0-8BA2-339290F5C222}.Debug|x86.ActiveCfg = Debug|Win32
		{EACFA4FF-F892-4FE0-8BA2-339290F5C222}.Debug|x86.Build.0 = Debug|Win32
		{EACFA4FF-F892-4FE0-8BA2-339290F5C222}.Release|x64.ActiveCfg = Release|x64
		{EACFA4FF-F892-4FE0-8BA2-339290F5C222}.Release|x64.Build.0 = Release|x64
		{EACFA4FF-F892-4FE0-8BA2-339290F5C222}.Release|x86.ActiveCfg = Release|Win32
		{EACFA4FF-F892-4FE0-8BA2-339290F5C222}.Release|x86.Build.0 = Release|Win32
		{81E70D52-F218-4B23-9245-82FB57823AFD}.Debug|x64.ActiveCfg = Debug|x64
		{81E70D52-F218-4B23-9245-82FB57823AFD}.Debug|x64.Build.0 = Debug|x64
		{81E70D52-F218-4B23-9245-82FB57823AFD}.Debug|x86.ActiveCfg = Debug|Win32
		{81E70D52-F218-4B23-9245-82FB57823AFD}.Debug|x86.Build.0 = Debug|Win32
		{81E70D52-F218-4B23-9245-82FB57823AFD}.Release|x64.ActiveCfg = Release|x64
		{81E70D52-F218-4B23-9245-82FB57823AFD}.Release|x64.Build.0 = Release|x64
		{81E70D52-F218-4B23-9245-82FB57823AFD}.Release|x86.ActiveCfg = Release|Win32
		{81E70D52-F218-4B23-9245-82FB57823AFD}.Release|x86.Build.0 = Release|Win32
		{4BF1F9F9-DBCC-4B21-8A4D-2200816C23C5}.Debug|x64.ActiveCfg = Debug|x64
		{4BF1F9F9-DBCC-4B21-8A4D-2200816C23C5}.Debug|x64.Build.0 = Debug|x64
		{4BF1F9F9-DBCC-4B21-8A4D-2200816C23C5}.Debug|x86.ActiveCfg = Debug|Win32
		{4BF1F9F9-DBCC-4B21-8A4D-2200816C23C5}.Debug|x86.Build.0 = Debug|Win32
		{4BF1F9F9-DBCC-4B21-8A4D-2200816C23C5}.Release|x64.ActiveCfg = Release|x64
		{4BF1F9F9-DBCC-4B21-8A4D-2200816C23C5}.Release|x64.Build.0 = Release|x64
		{4BF1F9F9-DBCC-4B21-8A4D-2200816C23C5}.Release|x86.ActiveCfg = Release|Win32
		{4BF1F9F9-DBCC-4B21-8A4D-2200816C23C5}.Release|x86.Build.0 = Release|Win32
		{1EE2BE14-8385-4CB9-A0A2-D02FC4579E51}.Debug|x64.ActiveCfg = Debug|x64
		{1EE2BE14-8385-4CB9-A0A2-D02FC4579E51}.Debug|x64.Build.0 = Debug|x64
		{1EE2BE14-8385-4CB9-A0A2-D02FC4579E51}.Debug|x86.ActiveCfg = Debug|Win32
		{1EE2BE14-8385-4CB9-A0A2-D02FC4579E51}.Debug|x86.Build.0 = Debug|Win32
		{1EE2BE14-8385-4CB9-A0A2-D02FC4579E51}.Release|x64.ActiveCfg = Release|x64
		{1EE2BE14-8385-4CB9-A0A2-D02FC4579E51}.Release|x64.Build.0 = Release|x64
		{1EE2BE14-8385-4CB9-A0A2-D02FC4579E51}.Release|x86.ActiveCfg = Release|Win32
		{1EE2BE14-8385-4CB9-A0A2-D02FC4579E51}.Release|x86.Build.0 = Release|Win32
		{2558E56E-6872-4A21-A9E7-D7692436D737}.Debug|x64.ActiveCfg = Debug|x64
		{2558E56E-6872-4A21-A9E7-D7692436D737}.Debug|x64.Build.0 = Debug|x64
		{2558E56E-6872-4A21-A9E7-D7692436D737}.Debug|x86.ActiveCfg = Debug|Win32
		{2558E56E-6872-4A21-A9E7-D7692436D737}.Debug|x86.Build.0 = Debug|Win32
		{2558E56E-6872-4A21-A9E7-D7692436D737}.Release|x64.ActiveCfg = Release|x64
		{2558E56E-6872-4A21-A9E7-D7692436D737}.Release|x64.Build.0 = Release|x64
		{2558E56E-6872-4A21-A9E7-D7692436D737}.Release|x86.ActiveCfg = Release|Win32
		{2558E56E-6872-4A21-A9E7-D7692436D737}.Release|x86.Build.0 = Release|Win32
		{8867CED7-AB28-48BA-B963-BE7EF59BDFB0}.Debug|x64.ActiveCfg = Debug|x64
		{8867CED7-AB28-48BA-B963-BE7EF59BDFB0}.Debug|x64.Build.0 = Debug|x64
		{8867CED7-AB28-48BA-B963-BE7EF59BDFB0}.Debug|x86.ActiveCfg = Debug|Win32
		{8867CED7-AB28-48BA-B963-BE7EF59BDFB0}.Debug|x86.Build.0 = Debug|Win32
		{8867CED7-AB28-48BA-B963-BE7EF59BDFB0}.Release|x64.ActiveCfg = Release|x64
		{8867CED7-AB28-48BA-B963-BE7EF59BDFB0}.Release|x64.Build.0 = Release|x64
		{8867CED7-AB28-48BA-B963-BE7EF59BDFB0}.Release|x86.ActiveCfg = Release|Win32
		{8867CED7-AB28-48BA-B963-BE7EF59BDFB0}.Release|x86.Build.0 = Release|Win32
		{099CE2B0-E784-4A67-AD42-FDABF4161F09}.Debug|x64.ActiveCfg = Debug|x64
		{099CE2B0-E784-4A67-AD42-FDABF4161F09}.Debug|x64.Build.0 = Debug|x64
		{099CE2B0-E784-4A67-AD42-FDABF4161F09}.Debug|x86.ActiveCfg = Debug|Win32
		{099CE2B0-E784-4A67-AD42-FDABF4161F09}.Debug|x86.Build.0 = Debug|Win32
		{099CE2B0-E784-4A67-AD42-FDABF4161F09}.Release|x64.ActiveCfg = Release|x64
		{099CE2B0-E784-4A67-AD42-FDABF4161F09}.Release|x64.Build.0 = Release|x64
		{099CE2B0-E784-4A67-AD42-FDABF4161F09}.Release|x86.ActiveCfg = Release|Win32
		{099CE2B0-E784-4A67-AD42-FDABF4161F09}.Release|x86.Build.0 = Release|Win32
		{5F19E4E5-BB99-407F-8347-408380245ACF}.Debug|x64.ActiveCfg = Debug|x64
		{5F19E4E5-BB99-407F-8347-408380245ACF}.Debug|x64.Build.0 = Debug|x64
		{5F19E4E5-BB99-407F-8347-408380245ACF}.Debug|x86.ActiveCfg = Debug|Win32
		{5F19E4E5-BB99-407F-8347-408380245ACF}.Debug|x86.Build.0 = Debug|Win32
		{5F19E4E5-BB99-407F-8347-408380245ACF}.Release|x64.ActiveCfg = Release|x64
		{5F19E4E5-BB99-407F-8347-408380245ACF}.Release|x64.Build.0 = Release|x64
		{5F19E4E5-BB99-407F-8347-408380245ACF}.Release|x86.ActiveCfg = Release|Win32
		{5F19E4E5-BB99-407F-8347-408380245ACF}.Release|x86.Build.0 = Release|Win32
		{4F7089A1-9327-40EE-9F60-E0068A7F7874}.Debug|x64.ActiveCfg = Debug|x64
		{4F7089A1-9327-40EE-9F60-E0068A7F7874}.Debug|x64.Build.0 = Debug|x64
		{4F7089A1-9327-40EE-9F60-E0068A7F7874}.Debug|x86.ActiveCfg = Debug|Win32
		{4F7089A1-9327-40EE-9F60-E0068A7F7874}.Debug|x86.Build.0 = Debug|Win32
		{4F7089A1-9327-40EE-9F60-E0068A7F7874}.Release|x64.ActiveCfg = Release|x64
		{4F7089A1-9327-40EE-9F60-E0068A7F7874}.Release|x64.Build.0 = Release|x64
		{4F7089A1-9327-40EE-9F60-E0068A7F7874}.Release|x86.ActiveCfg = Release|Win32
		{4F7089A1-9327-40EE-9F60-E0068A7F7874}.Release|x86.Build.0 = Release|Win32
		{7B65AE93-9FE1-4AD1-BD6F-C3EAF5360BEF}.Debug|x64.ActiveCfg = Debug|x64
		{7B65AE93-9FE1-4AD1-BD6F-C3EAF5360BEF}.Debug|x64.Build.0 = Debug|x64
		{7B65AE93-9FE1-4AD1-BD6F-C3EAF5360BEF}.Debug|x86.ActiveCfg = Debug|Win32
		{7B65AE93-9FE1-4AD1-BD6F-C3EAF5360BEF}.Debug|x86.Build.0 = Debug|Win32
		{7B65AE93-9FE1-4AD1-BD6F-C3EAF5360BEF}.Release|x64.ActiveCfg = Release|x64
		{7B65AE93-9FE1-4AD1-BD6F-C3EAF5360BEF}.Release|x64.Build.0 = Release|x64
		{7B65AE93-9FE1-4AD1-BD6F-C3EAF5360BEF}.Release|x86.ActiveCfg = Release|Win32
		{7B65AE93-9FE1-4AD1-BD6F-C3EAF5360BEF}.Release|x86.Build.0 = Release|Win32
		{B6832F26-627E-4730-9005-87CB394B32E1}.Debug|x64.ActiveCfg = Debug|x64
		{B6832F26-627E-4730-9005-87CB394B32E1}.Debug|x64.Build.0 = Debug|x64
		{B6832F26-627E-4730-9005-87CB394B32E1}.Debug|x86.ActiveCfg = Debug|Win32
		{B6832F26-627E-4730-9005-87CB394B32E1}.Debug|x86.Build.0 = Debug|Win32
		{B6832F26-627E-4730-9005-87CB394B32E1}.Release|x64.ActiveCfg = Release|x64
		{B6832F26-627E-4730-9005-87CB394B32E1}.Release|x64.Build.0 = Release|x64
		{B6832F26-627E-4730-9005-87CB394B32E1}.Release|x86.ActiveCfg = Release|Win32
		{B6832F26-627E-4730-9005-87CB394B32E1}.Release|x86.Build.0 = Release|Win32
		{50DB2855-B224-4F18-93C5-F2874DCB4EE0}.Debug|x64.ActiveCfg = Debug|x64
		{50DB2855-B224-4F18-93C5-F2874DCB4EE0}.Debug|x64.Build.0 = Debug|x64
		{50DB2855-B224-4F18-93C5-F2874DCB4EE0}.Debug|x86.ActiveCfg = Debug|Win32
		{50DB2855-B224-4F18-93C5-F2874DCB4EE0}.Debug|x86.Build.0 = Debug|Win32
		{50DB2855-B224-4F18-93C5-F2874DCB4EE0}.Release|x64.ActiveCfg = Release|x64
		{50DB2855-B224-4F18-93C5-F2874DCB4EE0}.Release|x64.Build.0 = Release|x64
		{50DB2855-B224-4F18-93C5-F2874DCB4EE0}.Release|x86.ActiveCfg = Release|Win32
		{50DB2855-B224-4F18-93C5-F2874DCB4EE0}.Release|x86.Build.0 = Release|Win32
		{0650BBBF-527A-4C95-8BE2-58A9FCF8C206}.Debug|x64.ActiveCfg = Debug|x64
		{0650BBBF-527A-4C95-8BE2-58A9FCF8C206}.Debug|x64.Build.0 = Debug|x64
		{0650BBBF-527A-4C95-8BE2-58A9FCF8C206}.Debug|x86.ActiveCfg = Debug|Win32
		{0650BBBF-527A-4C95-8BE2-58A9FCF8C206}.Debug|x86.Build.0 = Debug|Win32
		{0650BBBF-527A-4C95-8BE2-58A9FCF8C206}.Release|x64.ActiveCfg = Release|x64
		{0650BBBF-527A-4C95-8BE2-58A9FCF8C206}.Release|x64.Build.0 = Release|x64
		{0650BBBF-527A-4C95-8BE2-58A9FCF8C206}.Release|x86.ActiveCfg = Release|Win32
		{0650BBBF-527A-4C95-8BE2-58A9FCF8C206}.Release|x86.Build.0 = Release|Win32
		{5FE725FD-88A3-41DB-99FE-29C2AE020134}.Debug|x64.ActiveCfg = Debug|x64
		{5FE725FD-88A3-41DB-99FE-29C2AE020134}.Debug|x64.Build.0 = Debug|x64
		{5FE725FD-88A3-41DB-99FE-29C2AE020134}.Debug|x86.ActiveCfg = Debug|Win32
		{5FE725FD-88A3-41DB-99FE-29C2AE020134}.Debug|x86.Build.0 = Debug|Win32
		{5FE725FD-88A3-41DB-99FE-29C2AE020134}.Release|x64.ActiveCfg = Release|x64
		{5FE725FD-88A3-41DB-99FE-29C2AE020134}.Release|x64.Build.0 = Release|x64
		{5FE725FD-88A3-41DB-99FE-29C2AE020134}.Release|x86.ActiveCfg = Release|Win32
		{5FE725FD-88A3-41DB-99FE-29C2AE020134}.Release|x86.Build.0 = Release|Win32
		{3D4C75E8-FCD9-4CEF-866F-4476F74B7375}.Debug|x64.ActiveCfg = Debug|x64
		{3D4C75E8-FCD9-4CEF-866F-4476F74B7375}.Debug|x64.Build.0 = Debug|x64
		{3D4C75E8-FCD9-4CEF-866F-4476F74B7375}.Debug|x86.ActiveCfg = Debug|Win32
		{3D4C75E8-FCD9-4CEF-866F-4476F74B7375}.Debug|x86.Build.0 = Debug|Win32
		{3D4C75E8-FCD9-4CEF-866F-4476F74B7375}.Release|x64.ActiveCfg = Release|x64
		{3D4C75E8-FCD9-4CEF-866F-4476F74B7375}.Release|x64.Build.0 = Release|x64
		{3D4C75E8-FCD9-4CEF-866F-4476F74B7375}.Release|x86.ActiveCfg = Release|Win32
		{3D4C75E8-FCD9-4CEF-866F-4476F74B7375}.Release|x86.Build.0 = Release|Win32
		{69A29092-C590-477F-912F-BB891BCC5256}.Debug|x64.ActiveCfg = Debug|x64
		{69A29092-C590-477F-912F-BB891BCC5256}.Debug|x64.Build.0 = Debug|x64
		{69A29092-C590-477F-912F-BB891BCC5256}.Debug|x86.ActiveCfg = Debug|Win32
		{69A29092-C590-477F-912F-BB891BCC5256}.Debug|x86.Build.0 = Debug|Win32
		{69A29092-C590-477F-912F-BB891BCC5256}.Release|x64.ActiveCfg = Release|x64
		{69A29092-C590-477F-912F-BB891BCC5256}.Release|x64.Build.0 = Release|x64
		{69A29092-C590-477F-912F-BB891BCC5256}.Release|x86.ActiveCfg = Release|Win32
		{69A29092-C590-477F-912F-BB891BCC5256}.Release|x86.Build.0 = Release|Win32
	EndGlobalSection
	GlobalSection(SolutionProperties) = preSolution
		HideSolutionNode = FALSE
	EndGlobalSection
	GlobalSection(ExtensibilityGlobals) = postSolution
		SolutionGuid = {D4E8C24B-4899-4689-94C9-366470103BBA}
	EndGlobalSection
EndGlobal
